
Microsoft Visual Studio Solution File, Format Version 12.00
# Visual Studio 14
VisualStudioVersion = 14.0.25420.1
MinimumVisualStudioVersion = 10.0.40219.1
Project("{FAE04EC0-301F-11D3-BF4B-00C04F79EFBC}") = "Teht01", "Ota minut\Teht01.csproj", "{5D16FEA5-C230-4C5A-9F41-4AAF1762F8B0}"
EndProject
Project("{FAE04EC0-301F-11D3-BF4B-00C04F79EFBC}") = "Teht02", "Teht02\Teht02.csproj", "{57E13949-0DD5-44C0-959D-97C10F71CC4A}"
EndProject
Project("{FAE04EC0-301F-11D3-BF4B-00C04F79EFBC}") = "Teht03", "Teht03\Teht03.csproj", "{30FA851B-CE49-4629-9DDA-95915444486D}"
EndProject
Project("{FAE04EC0-301F-11D3-BF4B-00C04F79EFBC}") = "Teht04", "Teht04\Teht04.csproj", "{20E4A88A-88A3-4C97-A9EA-E7708D9A897D}"
EndProject
Project("{FAE04EC0-301F-11D3-BF4B-00C04F79EFBC}") = "Teht05", "Teht05\Teht05.csproj", "{87590F7F-768C-489C-9B08-591D136DB712}"
EndProject
Project("{FAE04EC0-301F-11D3-BF4B-00C04F79EFBC}") = "Teht06", "Teht06\Teht06.csproj", "{5841249F-2C5B-4874-9D2A-22BC78DF9E58}"
EndProject
Project("{FAE04EC0-301F-11D3-BF4B-00C04F79EFBC}") = "Teht07", "Teht07\Teht07.csproj", "{865CFC29-9429-43CF-9E77-F8841F2FF0C5}"
EndProject
Project("{FAE04EC0-301F-11D3-BF4B-00C04F79EFBC}") = "Teht09", "Teht09\Teht09.csproj", "{FE2ADC90-212B-49ED-9553-7AC662A0D48D}"
EndProject
Project("{FAE04EC0-301F-11D3-BF4B-00C04F79EFBC}") = "Teht12", "Teht12\Teht12.csproj", "{C5204D5D-8785-47BA-A721-590C602CB9B5}"
EndProject
Project("{FAE04EC0-301F-11D3-BF4B-00C04F79EFBC}") = "Teht13", "Teht13\Teht13.csproj", "{C890D36A-CEFF-415A-8999-FADD45660A82}"
EndProject
Project("{FAE04EC0-301F-11D3-BF4B-00C04F79EFBC}") = "Teht14", "Teht14\Teht14.csproj", "{E367F012-89D7-4A85-8A1E-021708193C9B}"
EndProject
Global
	GlobalSection(SolutionConfigurationPlatforms) = preSolution
		Debug|Any CPU = Debug|Any CPU
		Release|Any CPU = Release|Any CPU
	EndGlobalSection
	GlobalSection(ProjectConfigurationPlatforms) = postSolution
		{5D16FEA5-C230-4C5A-9F41-4AAF1762F8B0}.Debug|Any CPU.ActiveCfg = Debug|Any CPU
		{5D16FEA5-C230-4C5A-9F41-4AAF1762F8B0}.Debug|Any CPU.Build.0 = Debug|Any CPU
		{5D16FEA5-C230-4C5A-9F41-4AAF1762F8B0}.Release|Any CPU.ActiveCfg = Release|Any CPU
		{5D16FEA5-C230-4C5A-9F41-4AAF1762F8B0}.Release|Any CPU.Build.0 = Release|Any CPU
		{57E13949-0DD5-44C0-959D-97C10F71CC4A}.Debug|Any CPU.ActiveCfg = Debug|Any CPU
		{57E13949-0DD5-44C0-959D-97C10F71CC4A}.Debug|Any CPU.Build.0 = Debug|Any CPU
		{57E13949-0DD5-44C0-959D-97C10F71CC4A}.Release|Any CPU.ActiveCfg = Release|Any CPU
		{57E13949-0DD5-44C0-959D-97C10F71CC4A}.Release|Any CPU.Build.0 = Release|Any CPU
		{30FA851B-CE49-4629-9DDA-95915444486D}.Debug|Any CPU.ActiveCfg = Debug|Any CPU
		{30FA851B-CE49-4629-9DDA-95915444486D}.Debug|Any CPU.Build.0 = Debug|Any CPU
		{30FA851B-CE49-4629-9DDA-95915444486D}.Release|Any CPU.ActiveCfg = Release|Any CPU
		{30FA851B-CE49-4629-9DDA-95915444486D}.Release|Any CPU.Build.0 = Release|Any CPU
		{20E4A88A-88A3-4C97-A9EA-E7708D9A897D}.Debug|Any CPU.ActiveCfg = Debug|Any CPU
		{20E4A88A-88A3-4C97-A9EA-E7708D9A897D}.Debug|Any CPU.Build.0 = Debug|Any CPU
		{20E4A88A-88A3-4C97-A9EA-E7708D9A897D}.Release|Any CPU.ActiveCfg = Release|Any CPU
		{20E4A88A-88A3-4C97-A9EA-E7708D9A897D}.Release|Any CPU.Build.0 = Release|Any CPU
		{87590F7F-768C-489C-9B08-591D136DB712}.Debug|Any CPU.ActiveCfg = Debug|Any CPU
		{87590F7F-768C-489C-9B08-591D136DB712}.Debug|Any CPU.Build.0 = Debug|Any CPU
		{87590F7F-768C-489C-9B08-591D136DB712}.Release|Any CPU.ActiveCfg = Release|Any CPU
		{87590F7F-768C-489C-9B08-591D136DB712}.Release|Any CPU.Build.0 = Release|Any CPU
		{5841249F-2C5B-4874-9D2A-22BC78DF9E58}.Debug|Any CPU.ActiveCfg = Debug|Any CPU
		{5841249F-2C5B-4874-9D2A-22BC78DF9E58}.Debug|Any CPU.Build.0 = Debug|Any CPU
		{5841249F-2C5B-4874-9D2A-22BC78DF9E58}.Release|Any CPU.ActiveCfg = Release|Any CPU
		{5841249F-2C5B-4874-9D2A-22BC78DF9E58}.Release|Any CPU.Build.0 = Release|Any CPU
		{865CFC29-9429-43CF-9E77-F8841F2FF0C5}.Debug|Any CPU.ActiveCfg = Debug|Any CPU
		{865CFC29-9429-43CF-9E77-F8841F2FF0C5}.Debug|Any CPU.Build.0 = Debug|Any CPU
		{865CFC29-9429-43CF-9E77-F8841F2FF0C5}.Release|Any CPU.ActiveCfg = Release|Any CPU
		{865CFC29-9429-43CF-9E77-F8841F2FF0C5}.Release|Any CPU.Build.0 = Release|Any CPU
		{FE2ADC90-212B-49ED-9553-7AC662A0D48D}.Debug|Any CPU.ActiveCfg = Debug|Any CPU
		{FE2ADC90-212B-49ED-9553-7AC662A0D48D}.Debug|Any CPU.Build.0 = Debug|Any CPU
		{FE2ADC90-212B-49ED-9553-7AC662A0D48D}.Release|Any CPU.ActiveCfg = Release|Any CPU
		{FE2ADC90-212B-49ED-9553-7AC662A0D48D}.Release|Any CPU.Build.0 = Release|Any CPU
		{C5204D5D-8785-47BA-A721-590C602CB9B5}.Debug|Any CPU.ActiveCfg = Debug|Any CPU
		{C5204D5D-8785-47BA-A721-590C602CB9B5}.Debug|Any CPU.Build.0 = Debug|Any CPU
		{C5204D5D-8785-47BA-A721-590C602CB9B5}.Release|Any CPU.ActiveCfg = Release|Any CPU
		{C5204D5D-8785-47BA-A721-590C602CB9B5}.Release|Any CPU.Build.0 = Release|Any CPU
		{C890D36A-CEFF-415A-8999-FADD45660A82}.Debug|Any CPU.ActiveCfg = Debug|Any CPU
		{C890D36A-CEFF-415A-8999-FADD45660A82}.Debug|Any CPU.Build.0 = Debug|Any CPU
		{C890D36A-CEFF-415A-8999-FADD45660A82}.Release|Any CPU.ActiveCfg = Release|Any CPU
		{C890D36A-CEFF-415A-8999-FADD45660A82}.Release|Any CPU.Build.0 = Release|Any CPU
		{E367F012-89D7-4A85-8A1E-021708193C9B}.Debug|Any CPU.ActiveCfg = Debug|Any CPU
		{E367F012-89D7-4A85-8A1E-021708193C9B}.Debug|Any CPU.Build.0 = Debug|Any CPU
		{E367F012-89D7-4A85-8A1E-021708193C9B}.Release|Any CPU.ActiveCfg = Release|Any CPU
		{E367F012-89D7-4A85-8A1E-021708193C9B}.Release|Any CPU.Build.0 = Release|Any CPU
	EndGlobalSection
	GlobalSection(SolutionProperties) = preSolution
		HideSolutionNode = FALSE
	EndGlobalSection
EndGlobal
